// !$*UTF8*$!
{
	archiveVersion = 1;
	classes = {
	};
	objectVersion = 56;
	objects = {

/* Begin PBXBuildFile section */
		3E8A8F12CEE123B7645A069B /* Pods_ChatWebSocket.framework in Frameworks */ = {isa = PBXBuildFile; fileRef = CE70CF29249E57757658EDCA /* Pods_ChatWebSocket.framework */; };
		72AA384494D88F2C3EFFD0AA /* Pods_ChatWebSocket_ChatWebSocketUITests.framework in Frameworks */ = {isa = PBXBuildFile; fileRef = 3CCD591E512E7530ACF1026A /* Pods_ChatWebSocket_ChatWebSocketUITests.framework */; };
		E4511F57D9EDDF44C7ACCC0E /* Pods_ChatWebSocketTests.framework in Frameworks */ = {isa = PBXBuildFile; fileRef = A843BF2361C58C621FE0F333 /* Pods_ChatWebSocketTests.framework */; };
		F45FEAEC2C7BC2230040D172 /* ContentView.swift in Sources */ = {isa = PBXBuildFile; fileRef = F45FEADC2C7BC2230040D172 /* ContentView.swift */; };
		F45FEAED2C7BC2230040D172 /* Router.swift in Sources */ = {isa = PBXBuildFile; fileRef = F45FEADD2C7BC2230040D172 /* Router.swift */; };
		F45FEAEF2C7BC2230040D172 /* ChatWebSocketApp.swift in Sources */ = {isa = PBXBuildFile; fileRef = F45FEAE02C7BC2230040D172 /* ChatWebSocketApp.swift */; };
		F45FEAF02C7BC2230040D172 /* HomeView.swift in Sources */ = {isa = PBXBuildFile; fileRef = F45FEAE22C7BC2230040D172 /* HomeView.swift */; };
		F45FEAF12C7BC2230040D172 /* HomeViewModel.swift in Sources */ = {isa = PBXBuildFile; fileRef = F45FEAE32C7BC2230040D172 /* HomeViewModel.swift */; };
		F45FEAF72C7BC32D0040D172 /* MainView.swift in Sources */ = {isa = PBXBuildFile; fileRef = F45FEAF62C7BC32D0040D172 /* MainView.swift */; };
		F4D08E852C7BC10000EEC320 /* Assets.xcassets in Resources */ = {isa = PBXBuildFile; fileRef = F4D08E842C7BC10000EEC320 /* Assets.xcassets */; };
		F4D08E882C7BC10000EEC320 /* Preview Assets.xcassets in Resources */ = {isa = PBXBuildFile; fileRef = F4D08E872C7BC10000EEC320 /* Preview Assets.xcassets */; };
		F4D08E8A2C7BC10000EEC320 /* Persistence.swift in Sources */ = {isa = PBXBuildFile; fileRef = F4D08E892C7BC10000EEC320 /* Persistence.swift */; };
		F4D08E8D2C7BC10000EEC320 /* ChatWebSocket.xcdatamodeld in Sources */ = {isa = PBXBuildFile; fileRef = F4D08E8B2C7BC10000EEC320 /* ChatWebSocket.xcdatamodeld */; };
		F4D08E972C7BC10000EEC320 /* ChatWebSocketTests.swift in Sources */ = {isa = PBXBuildFile; fileRef = F4D08E962C7BC10000EEC320 /* ChatWebSocketTests.swift */; };
		F4D08EA12C7BC10000EEC320 /* ChatWebSocketUITests.swift in Sources */ = {isa = PBXBuildFile; fileRef = F4D08EA02C7BC10000EEC320 /* ChatWebSocketUITests.swift */; };
		F4D08EA32C7BC10000EEC320 /* ChatWebSocketUITestsLaunchTests.swift in Sources */ = {isa = PBXBuildFile; fileRef = F4D08EA22C7BC10000EEC320 /* ChatWebSocketUITestsLaunchTests.swift */; };
/* End PBXBuildFile section */

/* Begin PBXContainerItemProxy section */
		F4D08E932C7BC10000EEC320 /* PBXContainerItemProxy */ = {
			isa = PBXContainerItemProxy;
			containerPortal = F4D08E752C7BC0FF00EEC320 /* Project object */;
			proxyType = 1;
			remoteGlobalIDString = F4D08E7C2C7BC0FF00EEC320;
			remoteInfo = ChatWebSocket;
		};
		F4D08E9D2C7BC10000EEC320 /* PBXContainerItemProxy */ = {
			isa = PBXContainerItemProxy;
			containerPortal = F4D08E752C7BC0FF00EEC320 /* Project object */;
			proxyType = 1;
			remoteGlobalIDString = F4D08E7C2C7BC0FF00EEC320;
			remoteInfo = ChatWebSocket;
		};
/* End PBXContainerItemProxy section */

/* Begin PBXFileReference section */
		1E79AE5066A4C7E4DDCE3E6F /* Pods-ChatWebSocketTests.debug.xcconfig */ = {isa = PBXFileReference; includeInIndex = 1; lastKnownFileType = text.xcconfig; name = "Pods-ChatWebSocketTests.debug.xcconfig"; path = "Target Support Files/Pods-ChatWebSocketTests/Pods-ChatWebSocketTests.debug.xcconfig"; sourceTree = "<group>"; };
		2F3C2A720A3003520991E2A9 /* Pods-ChatWebSocketTests.release.xcconfig */ = {isa = PBXFileReference; includeInIndex = 1; lastKnownFileType = text.xcconfig; name = "Pods-ChatWebSocketTests.release.xcconfig"; path = "Target Support Files/Pods-ChatWebSocketTests/Pods-ChatWebSocketTests.release.xcconfig"; sourceTree = "<group>"; };
		31256F6C8918A194B044B0AD /* Pods-ChatWebSocket.release.xcconfig */ = {isa = PBXFileReference; includeInIndex = 1; lastKnownFileType = text.xcconfig; name = "Pods-ChatWebSocket.release.xcconfig"; path = "Target Support Files/Pods-ChatWebSocket/Pods-ChatWebSocket.release.xcconfig"; sourceTree = "<group>"; };
		3CCD591E512E7530ACF1026A /* Pods_ChatWebSocket_ChatWebSocketUITests.framework */ = {isa = PBXFileReference; explicitFileType = wrapper.framework; includeInIndex = 0; path = Pods_ChatWebSocket_ChatWebSocketUITests.framework; sourceTree = BUILT_PRODUCTS_DIR; };
		7C5AE4673F1E751CFC7C5485 /* Pods-ChatWebSocket.debug.xcconfig */ = {isa = PBXFileReference; includeInIndex = 1; lastKnownFileType = text.xcconfig; name = "Pods-ChatWebSocket.debug.xcconfig"; path = "Target Support Files/Pods-ChatWebSocket/Pods-ChatWebSocket.debug.xcconfig"; sourceTree = "<group>"; };
		96A246EFB82103292E4F17F5 /* Pods-ChatWebSocket-ChatWebSocketUITests.debug.xcconfig */ = {isa = PBXFileReference; includeInIndex = 1; lastKnownFileType = text.xcconfig; name = "Pods-ChatWebSocket-ChatWebSocketUITests.debug.xcconfig"; path = "Target Support Files/Pods-ChatWebSocket-ChatWebSocketUITests/Pods-ChatWebSocket-ChatWebSocketUITests.debug.xcconfig"; sourceTree = "<group>"; };
		A843BF2361C58C621FE0F333 /* Pods_ChatWebSocketTests.framework */ = {isa = PBXFileReference; explicitFileType = wrapper.framework; includeInIndex = 0; path = Pods_ChatWebSocketTests.framework; sourceTree = BUILT_PRODUCTS_DIR; };
		CE70CF29249E57757658EDCA /* Pods_ChatWebSocket.framework */ = {isa = PBXFileReference; explicitFileType = wrapper.framework; includeInIndex = 0; path = Pods_ChatWebSocket.framework; sourceTree = BUILT_PRODUCTS_DIR; };
		F45FEADC2C7BC2230040D172 /* ContentView.swift */ = {isa = PBXFileReference; fileEncoding = 4; lastKnownFileType = sourcecode.swift; path = ContentView.swift; sourceTree = "<group>"; };
		F45FEADD2C7BC2230040D172 /* Router.swift */ = {isa = PBXFileReference; fileEncoding = 4; lastKnownFileType = sourcecode.swift; path = Router.swift; sourceTree = "<group>"; };
		F45FEAE02C7BC2230040D172 /* ChatWebSocketApp.swift */ = {isa = PBXFileReference; fileEncoding = 4; lastKnownFileType = sourcecode.swift; path = ChatWebSocketApp.swift; sourceTree = "<group>"; };
		F45FEAE22C7BC2230040D172 /* HomeView.swift */ = {isa = PBXFileReference; fileEncoding = 4; lastKnownFileType = sourcecode.swift; path = HomeView.swift; sourceTree = "<group>"; };
		F45FEAE32C7BC2230040D172 /* HomeViewModel.swift */ = {isa = PBXFileReference; fileEncoding = 4; lastKnownFileType = sourcecode.swift; path = HomeViewModel.swift; sourceTree = "<group>"; };
		F45FEAF62C7BC32D0040D172 /* MainView.swift */ = {isa = PBXFileReference; fileEncoding = 4; lastKnownFileType = sourcecode.swift; path = MainView.swift; sourceTree = "<group>"; };
		F4D08E7D2C7BC0FF00EEC320 /* ChatWebSocket.app */ = {isa = PBXFileReference; explicitFileType = wrapper.application; includeInIndex = 0; path = ChatWebSocket.app; sourceTree = BUILT_PRODUCTS_DIR; };
		F4D08E842C7BC10000EEC320 /* Assets.xcassets */ = {isa = PBXFileReference; lastKnownFileType = folder.assetcatalog; path = Assets.xcassets; sourceTree = "<group>"; };
		F4D08E872C7BC10000EEC320 /* Preview Assets.xcassets */ = {isa = PBXFileReference; lastKnownFileType = folder.assetcatalog; path = "Preview Assets.xcassets"; sourceTree = "<group>"; };
		F4D08E892C7BC10000EEC320 /* Persistence.swift */ = {isa = PBXFileReference; lastKnownFileType = sourcecode.swift; path = Persistence.swift; sourceTree = "<group>"; };
		F4D08E8C2C7BC10000EEC320 /* ChatWebSocket.xcdatamodel */ = {isa = PBXFileReference; lastKnownFileType = wrapper.xcdatamodel; path = ChatWebSocket.xcdatamodel; sourceTree = "<group>"; };
		F4D08E922C7BC10000EEC320 /* ChatWebSocketTests.xctest */ = {isa = PBXFileReference; explicitFileType = wrapper.cfbundle; includeInIndex = 0; path = ChatWebSocketTests.xctest; sourceTree = BUILT_PRODUCTS_DIR; };
		F4D08E962C7BC10000EEC320 /* ChatWebSocketTests.swift */ = {isa = PBXFileReference; lastKnownFileType = sourcecode.swift; path = ChatWebSocketTests.swift; sourceTree = "<group>"; };
		F4D08E9C2C7BC10000EEC320 /* ChatWebSocketUITests.xctest */ = {isa = PBXFileReference; explicitFileType = wrapper.cfbundle; includeInIndex = 0; path = ChatWebSocketUITests.xctest; sourceTree = BUILT_PRODUCTS_DIR; };
		F4D08EA02C7BC10000EEC320 /* ChatWebSocketUITests.swift */ = {isa = PBXFileReference; lastKnownFileType = sourcecode.swift; path = ChatWebSocketUITests.swift; sourceTree = "<group>"; };
		F4D08EA22C7BC10000EEC320 /* ChatWebSocketUITestsLaunchTests.swift */ = {isa = PBXFileReference; lastKnownFileType = sourcecode.swift; path = ChatWebSocketUITestsLaunchTests.swift; sourceTree = "<group>"; };
		F617E90AFE3C3A9BC6B423B3 /* Pods-ChatWebSocket-ChatWebSocketUITests.release.xcconfig */ = {isa = PBXFileReference; includeInIndex = 1; lastKnownFileType = text.xcconfig; name = "Pods-ChatWebSocket-ChatWebSocketUITests.release.xcconfig"; path = "Target Support Files/Pods-ChatWebSocket-ChatWebSocketUITests/Pods-ChatWebSocket-ChatWebSocketUITests.release.xcconfig"; sourceTree = "<group>"; };
/* End PBXFileReference section */

/* Begin PBXFrameworksBuildPhase section */
		F4D08E7A2C7BC0FF00EEC320 /* Frameworks */ = {
			isa = PBXFrameworksBuildPhase;
			buildActionMask = 2147483647;
			files = (
				3E8A8F12CEE123B7645A069B /* Pods_ChatWebSocket.framework in Frameworks */,
			);
			runOnlyForDeploymentPostprocessing = 0;
		};
		F4D08E8F2C7BC10000EEC320 /* Frameworks */ = {
			isa = PBXFrameworksBuildPhase;
			buildActionMask = 2147483647;
			files = (
				E4511F57D9EDDF44C7ACCC0E /* Pods_ChatWebSocketTests.framework in Frameworks */,
			);
			runOnlyForDeploymentPostprocessing = 0;
		};
		F4D08E992C7BC10000EEC320 /* Frameworks */ = {
			isa = PBXFrameworksBuildPhase;
			buildActionMask = 2147483647;
			files = (
				72AA384494D88F2C3EFFD0AA /* Pods_ChatWebSocket_ChatWebSocketUITests.framework in Frameworks */,
			);
			runOnlyForDeploymentPostprocessing = 0;
		};
/* End PBXFrameworksBuildPhase section */

/* Begin PBXGroup section */
		502554010CA0637A79740965 /* Pods */ = {
			isa = PBXGroup;
			children = (
				7C5AE4673F1E751CFC7C5485 /* Pods-ChatWebSocket.debug.xcconfig */,
				31256F6C8918A194B044B0AD /* Pods-ChatWebSocket.release.xcconfig */,
				96A246EFB82103292E4F17F5 /* Pods-ChatWebSocket-ChatWebSocketUITests.debug.xcconfig */,
				F617E90AFE3C3A9BC6B423B3 /* Pods-ChatWebSocket-ChatWebSocketUITests.release.xcconfig */,
				1E79AE5066A4C7E4DDCE3E6F /* Pods-ChatWebSocketTests.debug.xcconfig */,
				2F3C2A720A3003520991E2A9 /* Pods-ChatWebSocketTests.release.xcconfig */,
			);
			path = Pods;
			sourceTree = "<group>";
		};
		6B27C75B404ED5CAA311615C /* Frameworks */ = {
			isa = PBXGroup;
			children = (
				CE70CF29249E57757658EDCA /* Pods_ChatWebSocket.framework */,
				3CCD591E512E7530ACF1026A /* Pods_ChatWebSocket_ChatWebSocketUITests.framework */,
				A843BF2361C58C621FE0F333 /* Pods_ChatWebSocketTests.framework */,
			);
			name = Frameworks;
			sourceTree = "<group>";
		};
		F45FEADE2C7BC2230040D172 /* Router */ = {
			isa = PBXGroup;
			children = (
				F45FEADC2C7BC2230040D172 /* ContentView.swift */,
				F45FEADD2C7BC2230040D172 /* Router.swift */,
			);
			path = Router;
			sourceTree = "<group>";
		};
		F45FEAE12C7BC2230040D172 /* Application */ = {
			isa = PBXGroup;
			children = (
				F4D08E892C7BC10000EEC320 /* Persistence.swift */,
				F45FEAE02C7BC2230040D172 /* ChatWebSocketApp.swift */,
			);
			path = Application;
			sourceTree = "<group>";
		};
		F45FEAE42C7BC2230040D172 /* Home */ = {
			isa = PBXGroup;
			children = (
				F45FEAE22C7BC2230040D172 /* HomeView.swift */,
				F45FEAE32C7BC2230040D172 /* HomeViewModel.swift */,
			);
			path = Home;
			sourceTree = "<group>";
		};
		F45FEAE82C7BC2230040D172 /* Features */ = {
			isa = PBXGroup;
			children = (
				F45FEAF62C7BC32D0040D172 /* MainView.swift */,
				F45FEAE42C7BC2230040D172 /* Home */,
			);
			path = Features;
			sourceTree = "<group>";
		};
		F4D08E742C7BC0FF00EEC320 = {
			isa = PBXGroup;
			children = (
				F4D08E7F2C7BC0FF00EEC320 /* ChatWebSocket */,
				F4D08E952C7BC10000EEC320 /* ChatWebSocketTests */,
				F4D08E9F2C7BC10000EEC320 /* ChatWebSocketUITests */,
				F4D08E7E2C7BC0FF00EEC320 /* Products */,
				502554010CA0637A79740965 /* Pods */,
				6B27C75B404ED5CAA311615C /* Frameworks */,
			);
			sourceTree = "<group>";
		};
		F4D08E7E2C7BC0FF00EEC320 /* Products */ = {
			isa = PBXGroup;
			children = (
				F4D08E7D2C7BC0FF00EEC320 /* ChatWebSocket.app */,
				F4D08E922C7BC10000EEC320 /* ChatWebSocketTests.xctest */,
				F4D08E9C2C7BC10000EEC320 /* ChatWebSocketUITests.xctest */,
			);
			name = Products;
			sourceTree = "<group>";
		};
		F4D08E7F2C7BC0FF00EEC320 /* ChatWebSocket */ = {
			isa = PBXGroup;
			children = (
				F45FEAE12C7BC2230040D172 /* Application */,
				F45FEAE82C7BC2230040D172 /* Features */,
				F45FEADE2C7BC2230040D172 /* Router */,
				F4D08E842C7BC10000EEC320 /* Assets.xcassets */,
				F4D08E8B2C7BC10000EEC320 /* ChatWebSocket.xcdatamodeld */,
				F4D08E862C7BC10000EEC320 /* Preview Content */,
			);
			path = ChatWebSocket;
			sourceTree = "<group>";
		};
		F4D08E862C7BC10000EEC320 /* Preview Content */ = {
			isa = PBXGroup;
			children = (
				F4D08E872C7BC10000EEC320 /* Preview Assets.xcassets */,
			);
			path = "Preview Content";
			sourceTree = "<group>";
		};
		F4D08E952C7BC10000EEC320 /* ChatWebSocketTests */ = {
			isa = PBXGroup;
			children = (
				F4D08E962C7BC10000EEC320 /* ChatWebSocketTests.swift */,
			);
			path = ChatWebSocketTests;
			sourceTree = "<group>";
		};
		F4D08E9F2C7BC10000EEC320 /* ChatWebSocketUITests */ = {
			isa = PBXGroup;
			children = (
				F4D08EA02C7BC10000EEC320 /* ChatWebSocketUITests.swift */,
				F4D08EA22C7BC10000EEC320 /* ChatWebSocketUITestsLaunchTests.swift */,
			);
			path = ChatWebSocketUITests;
			sourceTree = "<group>";
		};
/* End PBXGroup section */

/* Begin PBXNativeTarget section */
		F4D08E7C2C7BC0FF00EEC320 /* ChatWebSocket */ = {
			isa = PBXNativeTarget;
			buildConfigurationList = F4D08EA62C7BC10000EEC320 /* Build configuration list for PBXNativeTarget "ChatWebSocket" */;
			buildPhases = (
				12FCB2451AE9820138CE751D /* [CP] Check Pods Manifest.lock */,
				F4D08E792C7BC0FF00EEC320 /* Sources */,
				F4D08E7A2C7BC0FF00EEC320 /* Frameworks */,
				F4D08E7B2C7BC0FF00EEC320 /* Resources */,
			);
			buildRules = (
			);
			dependencies = (
			);
			name = ChatWebSocket;
			productName = ChatWebSocket;
			productReference = F4D08E7D2C7BC0FF00EEC320 /* ChatWebSocket.app */;
			productType = "com.apple.product-type.application";
		};
		F4D08E912C7BC10000EEC320 /* ChatWebSocketTests */ = {
			isa = PBXNativeTarget;
			buildConfigurationList = F4D08EA92C7BC10000EEC320 /* Build configuration list for PBXNativeTarget "ChatWebSocketTests" */;
			buildPhases = (
				98989BD1F9757EB3B39892DB /* [CP] Check Pods Manifest.lock */,
				F4D08E8E2C7BC10000EEC320 /* Sources */,
				F4D08E8F2C7BC10000EEC320 /* Frameworks */,
				F4D08E902C7BC10000EEC320 /* Resources */,
			);
			buildRules = (
			);
			dependencies = (
				F4D08E942C7BC10000EEC320 /* PBXTargetDependency */,
			);
			name = ChatWebSocketTests;
			productName = ChatWebSocketTests;
			productReference = F4D08E922C7BC10000EEC320 /* ChatWebSocketTests.xctest */;
			productType = "com.apple.product-type.bundle.unit-test";
		};
		F4D08E9B2C7BC10000EEC320 /* ChatWebSocketUITests */ = {
			isa = PBXNativeTarget;
			buildConfigurationList = F4D08EAC2C7BC10000EEC320 /* Build configuration list for PBXNativeTarget "ChatWebSocketUITests" */;
			buildPhases = (
				1BFAF5041EB7EECB3EC277AB /* [CP] Check Pods Manifest.lock */,
				F4D08E982C7BC10000EEC320 /* Sources */,
				F4D08E992C7BC10000EEC320 /* Frameworks */,
				F4D08E9A2C7BC10000EEC320 /* Resources */,
			);
			buildRules = (
			);
			dependencies = (
				F4D08E9E2C7BC10000EEC320 /* PBXTargetDependency */,
			);
			name = ChatWebSocketUITests;
			productName = ChatWebSocketUITests;
			productReference = F4D08E9C2C7BC10000EEC320 /* ChatWebSocketUITests.xctest */;
			productType = "com.apple.product-type.bundle.ui-testing";
		};
/* End PBXNativeTarget section */

/* Begin PBXProject section */
		F4D08E752C7BC0FF00EEC320 /* Project object */ = {
			isa = PBXProject;
			attributes = {
				BuildIndependentTargetsInParallel = 1;
				LastSwiftUpdateCheck = 1540;
				LastUpgradeCheck = 1540;
				TargetAttributes = {
					F4D08E7C2C7BC0FF00EEC320 = {
						CreatedOnToolsVersion = 15.4;
					};
					F4D08E912C7BC10000EEC320 = {
						CreatedOnToolsVersion = 15.4;
						TestTargetID = F4D08E7C2C7BC0FF00EEC320;
					};
					F4D08E9B2C7BC10000EEC320 = {
						CreatedOnToolsVersion = 15.4;
						TestTargetID = F4D08E7C2C7BC0FF00EEC320;
					};
				};
			};
			buildConfigurationList = F4D08E782C7BC0FF00EEC320 /* Build configuration list for PBXProject "ChatWebSocket" */;
			compatibilityVersion = "Xcode 14.0";
			developmentRegion = en;
			hasScannedForEncodings = 0;
			knownRegions = (
				en,
				Base,
			);
			mainGroup = F4D08E742C7BC0FF00EEC320;
			productRefGroup = F4D08E7E2C7BC0FF00EEC320 /* Products */;
			projectDirPath = "";
			projectRoot = "";
			targets = (
				F4D08E7C2C7BC0FF00EEC320 /* ChatWebSocket */,
				F4D08E912C7BC10000EEC320 /* ChatWebSocketTests */,
				F4D08E9B2C7BC10000EEC320 /* ChatWebSocketUITests */,
			);
		};
/* End PBXProject section */

/* Begin PBXResourcesBuildPhase section */
		F4D08E7B2C7BC0FF00EEC320 /* Resources */ = {
			isa = PBXResourcesBuildPhase;
			buildActionMask = 2147483647;
			files = (
				F4D08E882C7BC10000EEC320 /* Preview Assets.xcassets in Resources */,
				F4D08E852C7BC10000EEC320 /* Assets.xcassets in Resources */,
			);
			runOnlyForDeploymentPostprocessing = 0;
		};
		F4D08E902C7BC10000EEC320 /* Resources */ = {
			isa = PBXResourcesBuildPhase;
			buildActionMask = 2147483647;
			files = (
			);
			runOnlyForDeploymentPostprocessing = 0;
		};
		F4D08E9A2C7BC10000EEC320 /* Resources */ = {
			isa = PBXResourcesBuildPhase;
			buildActionMask = 2147483647;
			files = (
			);
			runOnlyForDeploymentPostprocessing = 0;
		};
/* End PBXResourcesBuildPhase section */

/* Begin PBXShellScriptBuildPhase section */
		12FCB2451AE9820138CE751D /* [CP] Check Pods Manifest.lock */ = {
			isa = PBXShellScriptBuildPhase;
			buildActionMask = 2147483647;
			files = (
			);
			inputFileListPaths = (
			);
			inputPaths = (
				"${PODS_PODFILE_DIR_PATH}/Podfile.lock",
				"${PODS_ROOT}/Manifest.lock",
			);
			name = "[CP] Check Pods Manifest.lock";
			outputFileListPaths = (
			);
			outputPaths = (
				"$(DERIVED_FILE_DIR)/Pods-ChatWebSocket-checkManifestLockResult.txt",
			);
			runOnlyForDeploymentPostprocessing = 0;
			shellPath = /bin/sh;
			shellScript = "diff \"${PODS_PODFILE_DIR_PATH}/Podfile.lock\" \"${PODS_ROOT}/Manifest.lock\" > /dev/null\nif [ $? != 0 ] ; then\n    # print error to STDERR\n    echo \"error: The sandbox is not in sync with the Podfile.lock. Run 'pod install' or update your CocoaPods installation.\" >&2\n    exit 1\nfi\n# This output is used by Xcode 'outputs' to avoid re-running this script phase.\necho \"SUCCESS\" > \"${SCRIPT_OUTPUT_FILE_0}\"\n";
			showEnvVarsInLog = 0;
		};
		1BFAF5041EB7EECB3EC277AB /* [CP] Check Pods Manifest.lock */ = {
			isa = PBXShellScriptBuildPhase;
			buildActionMask = 2147483647;
			files = (
			);
			inputFileListPaths = (
			);
			inputPaths = (
				"${PODS_PODFILE_DIR_PATH}/Podfile.lock",
				"${PODS_ROOT}/Manifest.lock",
			);
			name = "[CP] Check Pods Manifest.lock";
			outputFileListPaths = (
			);
			outputPaths = (
				"$(DERIVED_FILE_DIR)/Pods-ChatWebSocket-ChatWebSocketUITests-checkManifestLockResult.txt",
			);
			runOnlyForDeploymentPostprocessing = 0;
			shellPath = /bin/sh;
			shellScript = "diff \"${PODS_PODFILE_DIR_PATH}/Podfile.lock\" \"${PODS_ROOT}/Manifest.lock\" > /dev/null\nif [ $? != 0 ] ; then\n    # print error to STDERR\n    echo \"error: The sandbox is not in sync with the Podfile.lock. Run 'pod install' or update your CocoaPods installation.\" >&2\n    exit 1\nfi\n# This output is used by Xcode 'outputs' to avoid re-running this script phase.\necho \"SUCCESS\" > \"${SCRIPT_OUTPUT_FILE_0}\"\n";
			showEnvVarsInLog = 0;
		};
		98989BD1F9757EB3B39892DB /* [CP] Check Pods Manifest.lock */ = {
			isa = PBXShellScriptBuildPhase;
			buildActionMask = 2147483647;
			files = (
			);
			inputFileListPaths = (
			);
			inputPaths = (
				"${PODS_PODFILE_DIR_PATH}/Podfile.lock",
				"${PODS_ROOT}/Manifest.lock",
			);
			name = "[CP] Check Pods Manifest.lock";
			outputFileListPaths = (
			);
			outputPaths = (
				"$(DERIVED_FILE_DIR)/Pods-ChatWebSocketTests-checkManifestLockResult.txt",
			);
			runOnlyForDeploymentPostprocessing = 0;
			shellPath = /bin/sh;
			shellScript = "diff \"${PODS_PODFILE_DIR_PATH}/Podfile.lock\" \"${PODS_ROOT}/Manifest.lock\" > /dev/null\nif [ $? != 0 ] ; then\n    # print error to STDERR\n    echo \"error: The sandbox is not in sync with the Podfile.lock. Run 'pod install' or update your CocoaPods installation.\" >&2\n    exit 1\nfi\n# This output is used by Xcode 'outputs' to avoid re-running this script phase.\necho \"SUCCESS\" > \"${SCRIPT_OUTPUT_FILE_0}\"\n";
			showEnvVarsInLog = 0;
		};
/* End PBXShellScriptBuildPhase section */

/* Begin PBXSourcesBuildPhase section */
		F4D08E792C7BC0FF00EEC320 /* Sources */ = {
			isa = PBXSourcesBuildPhase;
			buildActionMask = 2147483647;
			files = (
				F45FEAF12C7BC2230040D172 /* HomeViewModel.swift in Sources */,
				F45FEAF72C7BC32D0040D172 /* MainView.swift in Sources */,
				F4D08E8A2C7BC10000EEC320 /* Persistence.swift in Sources */,
				F45FEAF02C7BC2230040D172 /* HomeView.swift in Sources */,
				F45FEAEC2C7BC2230040D172 /* ContentView.swift in Sources */,
				F45FEAED2C7BC2230040D172 /* Router.swift in Sources */,
				F4D08E8D2C7BC10000EEC320 /* ChatWebSocket.xcdatamodeld in Sources */,
				F45FEAEF2C7BC2230040D172 /* ChatWebSocketApp.swift in Sources */,
			);
			runOnlyForDeploymentPostprocessing = 0;
		};
		F4D08E8E2C7BC10000EEC320 /* Sources */ = {
			isa = PBXSourcesBuildPhase;
			buildActionMask = 2147483647;
			files = (
				F4D08E972C7BC10000EEC320 /* ChatWebSocketTests.swift in Sources */,
			);
			runOnlyForDeploymentPostprocessing = 0;
		};
		F4D08E982C7BC10000EEC320 /* Sources */ = {
			isa = PBXSourcesBuildPhase;
			buildActionMask = 2147483647;
			files = (
				F4D08EA32C7BC10000EEC320 /* ChatWebSocketUITestsLaunchTests.swift in Sources */,
				F4D08EA12C7BC10000EEC320 /* ChatWebSocketUITests.swift in Sources */,
			);
			runOnlyForDeploymentPostprocessing = 0;
		};
/* End PBXSourcesBuildPhase section */

/* Begin PBXTargetDependency section */
		F4D08E942C7BC10000EEC320 /* PBXTargetDependency */ = {
			isa = PBXTargetDependency;
			target = F4D08E7C2C7BC0FF00EEC320 /* ChatWebSocket */;
			targetProxy = F4D08E932C7BC10000EEC320 /* PBXContainerItemProxy */;
		};
		F4D08E9E2C7BC10000EEC320 /* PBXTargetDependency */ = {
			isa = PBXTargetDependency;
			target = F4D08E7C2C7BC0FF00EEC320 /* ChatWebSocket */;
			targetProxy = F4D08E9D2C7BC10000EEC320 /* PBXContainerItemProxy */;
		};
/* End PBXTargetDependency section */

/* Begin XCBuildConfiguration section */
		F4D08EA42C7BC10000EEC320 /* Debug */ = {
			isa = XCBuildConfiguration;
			buildSettings = {
				ALWAYS_SEARCH_USER_PATHS = NO;
				ASSETCATALOG_COMPILER_GENERATE_SWIFT_ASSET_SYMBOL_EXTENSIONS = YES;
				CLANG_ANALYZER_NONNULL = YES;
				CLANG_ANALYZER_NUMBER_OBJECT_CONVERSION = YES_AGGRESSIVE;
				CLANG_CXX_LANGUAGE_STANDARD = "gnu++20";
				CLANG_ENABLE_MODULES = YES;
				CLANG_ENABLE_OBJC_ARC = YES;
				CLANG_ENABLE_OBJC_WEAK = YES;
				CLANG_WARN_BLOCK_CAPTURE_AUTORELEASING = YES;
				CLANG_WARN_BOOL_CONVERSION = YES;
				CLANG_WARN_COMMA = YES;
				CLANG_WARN_CONSTANT_CONVERSION = YES;
				CLANG_WARN_DEPRECATED_OBJC_IMPLEMENTATIONS = YES;
				CLANG_WARN_DIRECT_OBJC_ISA_USAGE = YES_ERROR;
				CLANG_WARN_DOCUMENTATION_COMMENTS = YES;
				CLANG_WARN_EMPTY_BODY = YES;
				CLANG_WARN_ENUM_CONVERSION = YES;
				CLANG_WARN_INFINITE_RECURSION = YES;
				CLANG_WARN_INT_CONVERSION = YES;
				CLANG_WARN_NON_LITERAL_NULL_CONVERSION = YES;
				CLANG_WARN_OBJC_IMPLICIT_RETAIN_SELF = YES;
				CLANG_WARN_OBJC_LITERAL_CONVERSION = YES;
				CLANG_WARN_OBJC_ROOT_CLASS = YES_ERROR;
				CLANG_WARN_QUOTED_INCLUDE_IN_FRAMEWORK_HEADER = YES;
				CLANG_WARN_RANGE_LOOP_ANALYSIS = YES;
				CLANG_WARN_STRICT_PROTOTYPES = YES;
				CLANG_WARN_SUSPICIOUS_MOVE = YES;
				CLANG_WARN_UNGUARDED_AVAILABILITY = YES_AGGRESSIVE;
				CLANG_WARN_UNREACHABLE_CODE = YES;
				CLANG_WARN__DUPLICATE_METHOD_MATCH = YES;
				COPY_PHASE_STRIP = NO;
				DEBUG_INFORMATION_FORMAT = dwarf;
				ENABLE_STRICT_OBJC_MSGSEND = YES;
				ENABLE_TESTABILITY = YES;
				ENABLE_USER_SCRIPT_SANDBOXING = YES;
				GCC_C_LANGUAGE_STANDARD = gnu17;
				GCC_DYNAMIC_NO_PIC = NO;
				GCC_NO_COMMON_BLOCKS = YES;
				GCC_OPTIMIZATION_LEVEL = 0;
				GCC_PREPROCESSOR_DEFINITIONS = (
					"DEBUG=1",
					"$(inherited)",
				);
				GCC_WARN_64_TO_32_BIT_CONVERSION = YES;
				GCC_WARN_ABOUT_RETURN_TYPE = YES_ERROR;
				GCC_WARN_UNDECLARED_SELECTOR = YES;
				GCC_WARN_UNINITIALIZED_AUTOS = YES_AGGRESSIVE;
				GCC_WARN_UNUSED_FUNCTION = YES;
				GCC_WARN_UNUSED_VARIABLE = YES;
				IPHONEOS_DEPLOYMENT_TARGET = 17.5;
				LOCALIZATION_PREFERS_STRING_CATALOGS = YES;
				MTL_ENABLE_DEBUG_INFO = INCLUDE_SOURCE;
				MTL_FAST_MATH = YES;
				ONLY_ACTIVE_ARCH = YES;
				SDKROOT = iphoneos;
				SWIFT_ACTIVE_COMPILATION_CONDITIONS = "DEBUG $(inherited)";
				SWIFT_OPTIMIZATION_LEVEL = "-Onone";
			};
			name = Debug;
		};
		F4D08EA52C7BC10000EEC320 /* Release */ = {
			isa = XCBuildConfiguration;
			buildSettings = {
				ALWAYS_SEARCH_USER_PATHS = NO;
				ASSETCATALOG_COMPILER_GENERATE_SWIFT_ASSET_SYMBOL_EXTENSIONS = YES;
				CLANG_ANALYZER_NONNULL = YES;
				CLANG_ANALYZER_NUMBER_OBJECT_CONVERSION = YES_AGGRESSIVE;
				CLANG_CXX_LANGUAGE_STANDARD = "gnu++20";
				CLANG_ENABLE_MODULES = YES;
				CLANG_ENABLE_OBJC_ARC = YES;
				CLANG_ENABLE_OBJC_WEAK = YES;
				CLANG_WARN_BLOCK_CAPTURE_AUTORELEASING = YES;
				CLANG_WARN_BOOL_CONVERSION = YES;
				CLANG_WARN_COMMA = YES;
				CLANG_WARN_CONSTANT_CONVERSION = YES;
				CLANG_WARN_DEPRECATED_OBJC_IMPLEMENTATIONS = YES;
				CLANG_WARN_DIRECT_OBJC_ISA_USAGE = YES_ERROR;
				CLANG_WARN_DOCUMENTATION_COMMENTS = YES;
				CLANG_WARN_EMPTY_BODY = YES;
				CLANG_WARN_ENUM_CONVERSION = YES;
				CLANG_WARN_INFINITE_RECURSION = YES;
				CLANG_WARN_INT_CONVERSION = YES;
				CLANG_WARN_NON_LITERAL_NULL_CONVERSION = YES;
				CLANG_WARN_OBJC_IMPLICIT_RETAIN_SELF = YES;
				CLANG_WARN_OBJC_LITERAL_CONVERSION = YES;
				CLANG_WARN_OBJC_ROOT_CLASS = YES_ERROR;
				CLANG_WARN_QUOTED_INCLUDE_IN_FRAMEWORK_HEADER = YES;
				CLANG_WARN_RANGE_LOOP_ANALYSIS = YES;
				CLANG_WARN_STRICT_PROTOTYPES = YES;
				CLANG_WARN_SUSPICIOUS_MOVE = YES;
				CLANG_WARN_UNGUARDED_AVAILABILITY = YES_AGGRESSIVE;
				CLANG_WARN_UNREACHABLE_CODE = YES;
				CLANG_WARN__DUPLICATE_METHOD_MATCH = YES;
				COPY_PHASE_STRIP = NO;
				DEBUG_INFORMATION_FORMAT = "dwarf-with-dsym";
				ENABLE_NS_ASSERTIONS = NO;
				ENABLE_STRICT_OBJC_MSGSEND = YES;
				ENABLE_USER_SCRIPT_SANDBOXING = YES;
				GCC_C_LANGUAGE_STANDARD = gnu17;
				GCC_NO_COMMON_BLOCKS = YES;
				GCC_WARN_64_TO_32_BIT_CONVERSION = YES;
				GCC_WARN_ABOUT_RETURN_TYPE = YES_ERROR;
				GCC_WARN_UNDECLARED_SELECTOR = YES;
				GCC_WARN_UNINITIALIZED_AUTOS = YES_AGGRESSIVE;
				GCC_WARN_UNUSED_FUNCTION = YES;
				GCC_WARN_UNUSED_VARIABLE = YES;
				IPHONEOS_DEPLOYMENT_TARGET = 17.5;
				LOCALIZATION_PREFERS_STRING_CATALOGS = YES;
				MTL_ENABLE_DEBUG_INFO = NO;
				MTL_FAST_MATH = YES;
				SDKROOT = iphoneos;
				SWIFT_COMPILATION_MODE = wholemodule;
				VALIDATE_PRODUCT = YES;
			};
			name = Release;
		};
		F4D08EA72C7BC10000EEC320 /* Debug */ = {
			isa = XCBuildConfiguration;
			baseConfigurationReference = 7C5AE4673F1E751CFC7C5485 /* Pods-ChatWebSocket.debug.xcconfig */;
			buildSettings = {
				ASSETCATALOG_COMPILER_APPICON_NAME = AppIcon;
				ASSETCATALOG_COMPILER_GLOBAL_ACCENT_COLOR_NAME = AccentColor;
				CODE_SIGN_STYLE = Automatic;
				CURRENT_PROJECT_VERSION = 1;
				DEVELOPMENT_ASSET_PATHS = "\"ChatWebSocket/Preview Content\"";
				DEVELOPMENT_TEAM = CF9NF5L47X;
				ENABLE_PREVIEWS = YES;
				GENERATE_INFOPLIST_FILE = YES;
				INFOPLIST_KEY_UIApplicationSceneManifest_Generation = YES;
				INFOPLIST_KEY_UIApplicationSupportsIndirectInputEvents = YES;
				INFOPLIST_KEY_UILaunchScreen_Generation = YES;
				INFOPLIST_KEY_UISupportedInterfaceOrientations_iPad = "UIInterfaceOrientationPortrait UIInterfaceOrientationPortraitUpsideDown UIInterfaceOrientationLandscapeLeft UIInterfaceOrientationLandscapeRight";
				INFOPLIST_KEY_UISupportedInterfaceOrientations_iPhone = "UIInterfaceOrientationPortrait UIInterfaceOrientationLandscapeLeft UIInterfaceOrientationLandscapeRight";
				LD_RUNPATH_SEARCH_PATHS = (
					"$(inherited)",
					"@executable_path/Frameworks",
				);
				MARKETING_VERSION = 1.0;
				PRODUCT_BUNDLE_IDENTIFIER = vitormendes.ChatWebSocket;
				PRODUCT_NAME = "$(TARGET_NAME)";
				SWIFT_EMIT_LOC_STRINGS = YES;
				SWIFT_VERSION = 5.0;
				TARGETED_DEVICE_FAMILY = "1,2";
			};
			name = Debug;
		};
		F4D08EA82C7BC10000EEC320 /* Release */ = {
			isa = XCBuildConfiguration;
			baseConfigurationReference = 31256F6C8918A194B044B0AD /* Pods-ChatWebSocket.release.xcconfig */;
			buildSettings = {
				ASSETCATALOG_COMPILER_APPICON_NAME = AppIcon;
				ASSETCATALOG_COMPILER_GLOBAL_ACCENT_COLOR_NAME = AccentColor;
				CODE_SIGN_STYLE = Automatic;
				CURRENT_PROJECT_VERSION = 1;
				DEVELOPMENT_ASSET_PATHS = "\"ChatWebSocket/Preview Content\"";
				DEVELOPMENT_TEAM = CF9NF5L47X;
				ENABLE_PREVIEWS = YES;
				GENERATE_INFOPLIST_FILE = YES;
				INFOPLIST_KEY_UIApplicationSceneManifest_Generation = YES;
				INFOPLIST_KEY_UIApplicationSupportsIndirectInputEvents = YES;
				INFOPLIST_KEY_UILaunchScreen_Generation = YES;
				INFOPLIST_KEY_UISupportedInterfaceOrientations_iPad = "UIInterfaceOrientationPortrait UIInterfaceOrientationPortraitUpsideDown UIInterfaceOrientationLandscapeLeft UIInterfaceOrientationLandscapeRight";
				INFOPLIST_KEY_UISupportedInterfaceOrientations_iPhone = "UIInterfaceOrientationPortrait UIInterfaceOrientationLandscapeLeft UIInterfaceOrientationLandscapeRight";
				LD_RUNPATH_SEARCH_PATHS = (
					"$(inherited)",
					"@executable_path/Frameworks",
				);
				MARKETING_VERSION = 1.0;
				PRODUCT_BUNDLE_IDENTIFIER = vitormendes.ChatWebSocket;
				PRODUCT_NAME = "$(TARGET_NAME)";
				SWIFT_EMIT_LOC_STRINGS = YES;
				SWIFT_VERSION = 5.0;
				TARGETED_DEVICE_FAMILY = "1,2";
			};
			name = Release;
		};
		F4D08EAA2C7BC10000EEC320 /* Debug */ = {
			isa = XCBuildConfiguration;
			baseConfigurationReference = 1E79AE5066A4C7E4DDCE3E6F /* Pods-ChatWebSocketTests.debug.xcconfig */;
			buildSettings = {
				ALWAYS_EMBED_SWIFT_STANDARD_LIBRARIES = YES;
				BUNDLE_LOADER = "$(TEST_HOST)";
				CODE_SIGN_STYLE = Automatic;
				CURRENT_PROJECT_VERSION = 1;
				DEVELOPMENT_TEAM = CF9NF5L47X;
				GENERATE_INFOPLIST_FILE = YES;
				IPHONEOS_DEPLOYMENT_TARGET = 17.5;
				MARKETING_VERSION = 1.0;
				PRODUCT_BUNDLE_IDENTIFIER = vitormendes.ChatWebSocketTests;
				PRODUCT_NAME = "$(TARGET_NAME)";
				SWIFT_EMIT_LOC_STRINGS = NO;
				SWIFT_VERSION = 5.0;
				TARGETED_DEVICE_FAMILY = "1,2";
				TEST_HOST = "$(BUILT_PRODUCTS_DIR)/ChatWebSocket.app/$(BUNDLE_EXECUTABLE_FOLDER_PATH)/ChatWebSocket";
			};
			name = Debug;
		};
		F4D08EAB2C7BC10000EEC320 /* Release */ = {
			isa = XCBuildConfiguration;
			baseConfigurationReference = 2F3C2A720A3003520991E2A9 /* Pods-ChatWebSocketTests.release.xcconfig */;
			buildSettings = {
				ALWAYS_EMBED_SWIFT_STANDARD_LIBRARIES = YES;
				BUNDLE_LOADER = "$(TEST_HOST)";
				CODE_SIGN_STYLE = Automatic;
				CURRENT_PROJECT_VERSION = 1;
				DEVELOPMENT_TEAM = CF9NF5L47X;
				GENERATE_INFOPLIST_FILE = YES;
				IPHONEOS_DEPLOYMENT_TARGET = 17.5;
				MARKETING_VERSION = 1.0;
				PRODUCT_BUNDLE_IDENTIFIER = vitormendes.ChatWebSocketTests;
				PRODUCT_NAME = "$(TARGET_NAME)";
				SWIFT_EMIT_LOC_STRINGS = NO;
				SWIFT_VERSION = 5.0;
				TARGETED_DEVICE_FAMILY = "1,2";
				TEST_HOST = "$(BUILT_PRODUCTS_DIR)/ChatWebSocket.app/$(BUNDLE_EXECUTABLE_FOLDER_PATH)/ChatWebSocket";
			};
			name = Release;
		};
		F4D08EAD2C7BC10000EEC320 /* Debug */ = {
			isa = XCBuildConfiguration;
			baseConfigurationReference = 96A246EFB82103292E4F17F5 /* Pods-ChatWebSocket-ChatWebSocketUITests.debug.xcconfig */;
			buildSettings = {
				ALWAYS_EMBED_SWIFT_STANDARD_LIBRARIES = YES;
				CODE_SIGN_STYLE = Automatic;
				CURRENT_PROJECT_VERSION = 1;
				DEVELOPMENT_TEAM = CF9NF5L47X;
				GENERATE_INFOPLIST_FILE = YES;
				MARKETING_VERSION = 1.0;
				PRODUCT_BUNDLE_IDENTIFIER = vitormendes.ChatWebSocketUITests;
				PRODUCT_NAME = "$(TARGET_NAME)";
				SWIFT_EMIT_LOC_STRINGS = NO;
				SWIFT_VERSION = 5.0;
				TARGETED_DEVICE_FAMILY = "1,2";
				TEST_TARGET_NAME = ChatWebSocket;
			};
			name = Debug;
		};
		F4D08EAE2C7BC10000EEC320 /* Release */ = {
			isa = XCBuildConfiguration;
			baseConfigurationReference = F617E90AFE3C3A9BC6B423B3 /* Pods-ChatWebSocket-ChatWebSocketUITests.release.xcconfig */;
			buildSettings = {
				ALWAYS_EMBED_SWIFT_STANDARD_LIBRARIES = YES;
				CODE_SIGN_STYLE = Automatic;
				CURRENT_PROJECT_VERSION = 1;
				DEVELOPMENT_TEAM = CF9NF5L47X;
				GENERATE_INFOPLIST_FILE = YES;
				MARKETING_VERSION = 1.0;
				PRODUCT_BUNDLE_IDENTIFIER = vitormendes.ChatWebSocketUITests;
				PRODUCT_NAME = "$(TARGET_NAME)";
				SWIFT_EMIT_LOC_STRINGS = NO;
				SWIFT_VERSION = 5.0;
				TARGETED_DEVICE_FAMILY = "1,2";
				TEST_TARGET_NAME = ChatWebSocket;
			};
			name = Release;
		};
/* End XCBuildConfiguration section */

/* Begin XCConfigurationList section */
		F4D08E782C7BC0FF00EEC320 /* Build configuration list for PBXProject "ChatWebSocket" */ = {
			isa = XCConfigurationList;
			buildConfigurations = (
				F4D08EA42C7BC10000EEC320 /* Debug */,
				F4D08EA52C7BC10000EEC320 /* Release */,
			);
			defaultConfigurationIsVisible = 0;
			defaultConfigurationName = Release;
		};
		F4D08EA62C7BC10000EEC320 /* Build configuration list for PBXNativeTarget "ChatWebSocket" */ = {
			isa = XCConfigurationList;
			buildConfigurations = (
				F4D08EA72C7BC10000EEC320 /* Debug */,
				F4D08EA82C7BC10000EEC320 /* Release */,
			);
			defaultConfigurationIsVisible = 0;
			defaultConfigurationName = Release;
		};
		F4D08EA92C7BC10000EEC320 /* Build configuration list for PBXNativeTarget "ChatWebSocketTests" */ = {
			isa = XCConfigurationList;
			buildConfigurations = (
				F4D08EAA2C7BC10000EEC320 /* Debug */,
				F4D08EAB2C7BC10000EEC320 /* Release */,
			);
			defaultConfigurationIsVisible = 0;
			defaultConfigurationName = Release;
		};
		F4D08EAC2C7BC10000EEC320 /* Build configuration list for PBXNativeTarget "ChatWebSocketUITests" */ = {
			isa = XCConfigurationList;
			buildConfigurations = (
				F4D08EAD2C7BC10000EEC320 /* Debug */,
				F4D08EAE2C7BC10000EEC320 /* Release */,
			);
			defaultConfigurationIsVisible = 0;
			defaultConfigurationName = Release;
		};
/* End XCConfigurationList section */

/* Begin XCVersionGroup section */
		F4D08E8B2C7BC10000EEC320 /* ChatWebSocket.xcdatamodeld */ = {
			isa = XCVersionGroup;
			children = (
				F4D08E8C2C7BC10000EEC320 /* ChatWebSocket.xcdatamodel */,
			);
			currentVersion = F4D08E8C2C7BC10000EEC320 /* ChatWebSocket.xcdatamodel */;
			path = ChatWebSocket.xcdatamodeld;
			sourceTree = "<group>";
			versionGroupType = wrapper.xcdatamodel;
		};
/* End XCVersionGroup section */
	};
	rootObject = F4D08E752C7BC0FF00EEC320 /* Project object */;
}
